
Microsoft Visual Studio Solution File, Format Version 12.00
Project("{FAE04EC0-301F-11D3-BF4B-00C04F79EFBC}") = "shp-laz-bot", "shp-laz-bot.csproj", "{3CB8CA54-0F07-4A84-9D19-C3D9A190BE29}"
EndProject
Global
	GlobalSection(SolutionConfigurationPlatforms) = preSolution
		Debug|Any CPU = Debug|Any CPU
		Release|Any CPU = Release|Any CPU
	EndGlobalSection
	GlobalSection(ProjectConfigurationPlatforms) = postSolution
		{3CB8CA54-0F07-4A84-9D19-C3D9A190BE29}.Debug|Any CPU.ActiveCfg = Debug|Any CPU
		{3CB8CA54-0F07-4A84-9D19-C3D9A190BE29}.Debug|Any CPU.Build.0 = Debug|Any CPU
		{3CB8CA54-0F07-4A84-9D19-C3D9A190BE29}.Release|Any CPU.ActiveCfg = Release|Any CPU
		{3CB8CA54-0F07-4A84-9D19-C3D9A190BE29}.Release|Any CPU.Build.0 = Release|Any CPU
	EndGlobalSection
EndGlobal
